// !$*UTF8*$!
{
	archiveVersion = 1;
	classes = {
	};
	objectVersion = 46;
	objects = {

/* Begin PBXBuildFile section */
		9EC94BAC1A3FF94D00686BAA /* dsym_upload.sh in Resources */ = {isa = PBXBuildFile; fileRef = 9EC94BAA1A3FF94D00686BAA /* dsym_upload.sh */; };
		9EC94BAD1A3FF94D00686BAA /* libCrittercism_v5_0_7.a in Frameworks */ = {isa = PBXBuildFile; fileRef = 9EC94BAB1A3FF94D00686BAA /* libCrittercism_v5_0_7.a */; };
		9EC94BAF1A3FF96100686BAA /* SystemConfiguration.framework in Frameworks */ = {isa = PBXBuildFile; fileRef = 9EC94BAE1A3FF96100686BAA /* SystemConfiguration.framework */; };
		F504147818B8767D00787B21 /* Foundation.framework in Frameworks */ = {isa = PBXBuildFile; fileRef = F504147718B8767D00787B21 /* Foundation.framework */; };
		F504147A18B8767D00787B21 /* CoreGraphics.framework in Frameworks */ = {isa = PBXBuildFile; fileRef = F504147918B8767D00787B21 /* CoreGraphics.framework */; };
		F504147C18B8767D00787B21 /* UIKit.framework in Frameworks */ = {isa = PBXBuildFile; fileRef = F504147B18B8767D00787B21 /* UIKit.framework */; };
		F504148218B8767D00787B21 /* InfoPlist.strings in Resources */ = {isa = PBXBuildFile; fileRef = F504148018B8767D00787B21 /* InfoPlist.strings */; };
		F504148418B8767D00787B21 /* main.m in Sources */ = {isa = PBXBuildFile; fileRef = F504148318B8767D00787B21 /* main.m */; };
		F504148818B8767D00787B21 /* CAGAppDelegate.m in Sources */ = {isa = PBXBuildFile; fileRef = F504148718B8767D00787B21 /* CAGAppDelegate.m */; };
		F504148B18B8767D00787B21 /* Main_iPhone.storyboard in Resources */ = {isa = PBXBuildFile; fileRef = F504148918B8767D00787B21 /* Main_iPhone.storyboard */; };
		F504148E18B8767D00787B21 /* Main_iPad.storyboard in Resources */ = {isa = PBXBuildFile; fileRef = F504148C18B8767D00787B21 /* Main_iPad.storyboard */; };
		F504149118B8767D00787B21 /* CAGPrepareViewController.m in Sources */ = {isa = PBXBuildFile; fileRef = F504149018B8767D00787B21 /* CAGPrepareViewController.m */; };
		F504149418B8767D00787B21 /* CAGCollectViewController.m in Sources */ = {isa = PBXBuildFile; fileRef = F504149318B8767D00787B21 /* CAGCollectViewController.m */; };
		F504149618B8767D00787B21 /* Images.xcassets in Resources */ = {isa = PBXBuildFile; fileRef = F504149518B8767D00787B21 /* Images.xcassets */; };
		F504149D18B8767D00787B21 /* XCTest.framework in Frameworks */ = {isa = PBXBuildFile; fileRef = F504149C18B8767D00787B21 /* XCTest.framework */; };
		F504149E18B8767D00787B21 /* Foundation.framework in Frameworks */ = {isa = PBXBuildFile; fileRef = F504147718B8767D00787B21 /* Foundation.framework */; };
		F504149F18B8767D00787B21 /* UIKit.framework in Frameworks */ = {isa = PBXBuildFile; fileRef = F504147B18B8767D00787B21 /* UIKit.framework */; };
		F50414A718B8767E00787B21 /* InfoPlist.strings in Resources */ = {isa = PBXBuildFile; fileRef = F50414A518B8767E00787B21 /* InfoPlist.strings */; };
		F50414A918B8767E00787B21 /* PsychologyResearchTests.m in Sources */ = {isa = PBXBuildFile; fileRef = F50414A818B8767E00787B21 /* PsychologyResearchTests.m */; };
		F530AB6618C0A82700B4CFE7 /* CAGRecordBehaviorView.m in Sources */ = {isa = PBXBuildFile; fileRef = F530AB6518C0A82700B4CFE7 /* CAGRecordBehaviorView.m */; };
		F530AB6818C0A83F00B4CFE7 /* CAGRecordBehaviorView.xib in Resources */ = {isa = PBXBuildFile; fileRef = F530AB6718C0A83F00B4CFE7 /* CAGRecordBehaviorView.xib */; };
		F53160191A884E030099E6B5 /* app-icon-puzzle-new-ipad.png in Resources */ = {isa = PBXBuildFile; fileRef = F53160161A884E030099E6B5 /* app-icon-puzzle-new-ipad.png */; };
		F531601A1A884E030099E6B5 /* app-icon-puzzle-new-ipad@2x.png in Resources */ = {isa = PBXBuildFile; fileRef = F53160171A884E030099E6B5 /* app-icon-puzzle-new-ipad@2x.png */; };
		F531601B1A884E030099E6B5 /* app-icon-puzzle-new-iphone.png in Resources */ = {isa = PBXBuildFile; fileRef = F53160181A884E030099E6B5 /* app-icon-puzzle-new-iphone.png */; };
		F531601F1A8850CC0099E6B5 /* app-icon-puzzle-new2-ipad.png in Resources */ = {isa = PBXBuildFile; fileRef = F531601C1A8850CC0099E6B5 /* app-icon-puzzle-new2-ipad.png */; };
		F53160201A8850CC0099E6B5 /* app-icon-puzzle-new2-ipad@2x.png in Resources */ = {isa = PBXBuildFile; fileRef = F531601D1A8850CC0099E6B5 /* app-icon-puzzle-new2-ipad@2x.png */; };
		F53160211A8850CC0099E6B5 /* app-icon-puzzle-new2-iphone.png in Resources */ = {isa = PBXBuildFile; fileRef = F531601E1A8850CC0099E6B5 /* app-icon-puzzle-new2-iphone.png */; };
		F531602D1A885BC60099E6B5 /* Interact.png in Resources */ = {isa = PBXBuildFile; fileRef = F531602A1A885BC60099E6B5 /* Interact.png */; };
		F531602E1A885BC60099E6B5 /* Interact@2x.png in Resources */ = {isa = PBXBuildFile; fileRef = F531602B1A885BC60099E6B5 /* Interact@2x.png */; };
		F531602F1A885BC60099E6B5 /* Prepare@2x.png in Resources */ = {isa = PBXBuildFile; fileRef = F531602C1A885BC60099E6B5 /* Prepare@2x.png */; };
		F53160311A885BD80099E6B5 /* Prepare.png in Resources */ = {isa = PBXBuildFile; fileRef = F53160301A885BD80099E6B5 /* Prepare.png */; };
		F531603F1A885FF10099E6B5 /* launchimage@2x.png in Resources */ = {isa = PBXBuildFile; fileRef = F531603D1A885FF10099E6B5 /* launchimage@2x.png */; };
		F53160411A8861260099E6B5 /* launchimage.png in Resources */ = {isa = PBXBuildFile; fileRef = F53160401A8861260099E6B5 /* launchimage.png */; };
		F59E27C5192FCE3900147641 /* PlusImage.png in Resources */ = {isa = PBXBuildFile; fileRef = F59E27C3192FCE3900147641 /* PlusImage.png */; };
		F59E27C6192FCE3900147641 /* PlusImage@2x.png in Resources */ = {isa = PBXBuildFile; fileRef = F59E27C4192FCE3900147641 /* PlusImage@2x.png */; };
		F59E27C91930454500147641 /* EditImage.png in Resources */ = {isa = PBXBuildFile; fileRef = F59E27C71930454500147641 /* EditImage.png */; };
		F59E27CA1930454500147641 /* EditImage@2x.png in Resources */ = {isa = PBXBuildFile; fileRef = F59E27C81930454500147641 /* EditImage@2x.png */; };
		F5AB95F1194A959E00713E28 /* XImage.png in Resources */ = {isa = PBXBuildFile; fileRef = F5AB95ED194A959E00713E28 /* XImage.png */; };
		F5AB95F2194A959E00713E28 /* XImage@2x.png in Resources */ = {isa = PBXBuildFile; fileRef = F5AB95EE194A959E00713E28 /* XImage@2x.png */; };
		F5AB95F5194A95BD00713E28 /* CheckImage.png in Resources */ = {isa = PBXBuildFile; fileRef = F5AB95F3194A95BD00713E28 /* CheckImage.png */; };
		F5AB95F6194A95BD00713E28 /* CheckImage@2x.png in Resources */ = {isa = PBXBuildFile; fileRef = F5AB95F4194A95BD00713E28 /* CheckImage@2x.png */; };
		F5AB95F9194AA10100713E28 /* ColorsImage.png in Resources */ = {isa = PBXBuildFile; fileRef = F5AB95F7194AA10100713E28 /* ColorsImage.png */; };
		F5AB95FA194AA10100713E28 /* ColorsImage@2x.png in Resources */ = {isa = PBXBuildFile; fileRef = F5AB95F8194AA10100713E28 /* ColorsImage@2x.png */; };
		F5AB95FD194AAF6700713E28 /* TrashCan.png in Resources */ = {isa = PBXBuildFile; fileRef = F5AB95FB194AAF6700713E28 /* TrashCan.png */; };
		F5AB95FE194AAF6700713E28 /* TrashCan@2x.png in Resources */ = {isa = PBXBuildFile; fileRef = F5AB95FC194AAF6700713E28 /* TrashCan@2x.png */; };
		F5CB86A01A10545A007364B0 /* AVKit.framework in Frameworks */ = {isa = PBXBuildFile; fileRef = F5CB869F1A10545A007364B0 /* AVKit.framework */; settings = {ATTRIBUTES = (Weak, ); }; };
		F5CB86A31A10B775007364B0 /* BlackBox.png in Resources */ = {isa = PBXBuildFile; fileRef = F5CB86A11A10B775007364B0 /* BlackBox.png */; };
		F5CB86A41A10B775007364B0 /* BlackBox@2x.png in Resources */ = {isa = PBXBuildFile; fileRef = F5CB86A21A10B775007364B0 /* BlackBox@2x.png */; };
		F5D2575318E10D4D00AF21F7 /* CAGCustomTypes.m in Sources */ = {isa = PBXBuildFile; fileRef = F5D2575218E10D4D00AF21F7 /* CAGCustomTypes.m */; };
		F5D2576818E243AD00AF21F7 /* colorPicker.bundle in Resources */ = {isa = PBXBuildFile; fileRef = F5D2575518E243AD00AF21F7 /* colorPicker.bundle */; };
		F5D2576918E243AD00AF21F7 /* NEOColorPickerBaseViewController.m in Sources */ = {isa = PBXBuildFile; fileRef = F5D2575718E243AD00AF21F7 /* NEOColorPickerBaseViewController.m */; };
		F5D2576A18E243AD00AF21F7 /* NEOColorPickerFavoritesViewController.m in Sources */ = {isa = PBXBuildFile; fileRef = F5D2575918E243AD00AF21F7 /* NEOColorPickerFavoritesViewController.m */; };
		F5D2576B18E243AD00AF21F7 /* NEOColorPickerFavoritesViewController.xib in Resources */ = {isa = PBXBuildFile; fileRef = F5D2575A18E243AD00AF21F7 /* NEOColorPickerFavoritesViewController.xib */; };
		F5D2576C18E243AD00AF21F7 /* NEOColorPickerGradientView.m in Sources */ = {isa = PBXBuildFile; fileRef = F5D2575C18E243AD00AF21F7 /* NEOColorPickerGradientView.m */; };
		F5D2576D18E243AD00AF21F7 /* NEOColorPickerHSLViewController.m in Sources */ = {isa = PBXBuildFile; fileRef = F5D2575E18E243AD00AF21F7 /* NEOColorPickerHSLViewController.m */; };
		F5D2576E18E243AD00AF21F7 /* NEOColorPickerHSLViewController.xib in Resources */ = {isa = PBXBuildFile; fileRef = F5D2575F18E243AD00AF21F7 /* NEOColorPickerHSLViewController.xib */; };
		F5D2576F18E243AD00AF21F7 /* NEOColorPickerHueGridViewController.m in Sources */ = {isa = PBXBuildFile; fileRef = F5D2576118E243AD00AF21F7 /* NEOColorPickerHueGridViewController.m */; };
		F5D2577018E243AD00AF21F7 /* NEOColorPickerHueGridViewController.xib in Resources */ = {isa = PBXBuildFile; fileRef = F5D2576218E243AD00AF21F7 /* NEOColorPickerHueGridViewController.xib */; };
		F5D2577118E243AD00AF21F7 /* NEOColorPickerViewController.m in Sources */ = {isa = PBXBuildFile; fileRef = F5D2576418E243AD00AF21F7 /* NEOColorPickerViewController.m */; };
		F5D2577218E243AD00AF21F7 /* NEOColorPickerViewController.xib in Resources */ = {isa = PBXBuildFile; fileRef = F5D2576518E243AD00AF21F7 /* NEOColorPickerViewController.xib */; };
		F5D2577318E243AD00AF21F7 /* UIColor+NEOColor.m in Sources */ = {isa = PBXBuildFile; fileRef = F5D2576718E243AD00AF21F7 /* UIColor+NEOColor.m */; };
		F5D2578018E281E100AF21F7 /* LDProgressView.m in Sources */ = {isa = PBXBuildFile; fileRef = F5D2577D18E281E100AF21F7 /* LDProgressView.m */; };
		F5D2578118E281E100AF21F7 /* UIColor+RGBValues.m in Sources */ = {isa = PBXBuildFile; fileRef = F5D2577F18E281E100AF21F7 /* UIColor+RGBValues.m */; };
		F5D2578718E284B900AF21F7 /* CAGParticipantViewController.m in Sources */ = {isa = PBXBuildFile; fileRef = F5D2578518E284B900AF21F7 /* CAGParticipantViewController.m */; };
		F5D2578818E284B900AF21F7 /* CAGParticipantViewController.xib in Resources */ = {isa = PBXBuildFile; fileRef = F5D2578618E284B900AF21F7 /* CAGParticipantViewController.xib */; };
		F5D2578C18E2890500AF21F7 /* CAGTypeTableViewCell.m in Sources */ = {isa = PBXBuildFile; fileRef = F5D2578A18E2890500AF21F7 /* CAGTypeTableViewCell.m */; };
		F5D2578D18E2890500AF21F7 /* CAGTypeTableViewCell.xib in Resources */ = {isa = PBXBuildFile; fileRef = F5D2578B18E2890500AF21F7 /* CAGTypeTableViewCell.xib */; };
		F5D2579618E2893500AF21F7 /* CAGActionTableViewCell.m in Sources */ = {isa = PBXBuildFile; fileRef = F5D2579418E2893500AF21F7 /* CAGActionTableViewCell.m */; };
		F5D2579718E2893500AF21F7 /* CAGActionTableViewCell.xib in Resources */ = {isa = PBXBuildFile; fileRef = F5D2579518E2893500AF21F7 /* CAGActionTableViewCell.xib */; };
		F5D2579918E2986000AF21F7 /* color-picker-hue@2x.png in Resources */ = {isa = PBXBuildFile; fileRef = F5D2579818E2986000AF21F7 /* color-picker-hue@2x.png */; };
		F5D2579B18E53FFD00AF21F7 /* CAGParticipantResponsesView.xib in Resources */ = {isa = PBXBuildFile; fileRef = F5D2579A18E53FFD00AF21F7 /* CAGParticipantResponsesView.xib */; };
		F5D2579E18E5409100AF21F7 /* CAGParticipantResponsesView.m in Sources */ = {isa = PBXBuildFile; fileRef = F5D2579D18E5409100AF21F7 /* CAGParticipantResponsesView.m */; };
		F5DAA35218BC7F340097CB97 /* CAGNewBehaviorView.xib in Resources */ = {isa = PBXBuildFile; fileRef = F5DAA35118BC7F340097CB97 /* CAGNewBehaviorView.xib */; };
		F5DAA35518BC813D0097CB97 /* CAGNewBehaviorView.m in Sources */ = {isa = PBXBuildFile; fileRef = F5DAA35418BC813D0097CB97 /* CAGNewBehaviorView.m */; };
		F5EB7D2B194515C800ACEB45 /* BackImage.png in Resources */ = {isa = PBXBuildFile; fileRef = F5EB7D29194515C800ACEB45 /* BackImage.png */; };
		F5EB7D2C194515C800ACEB45 /* BackImage@2x.png in Resources */ = {isa = PBXBuildFile; fileRef = F5EB7D2A194515C800ACEB45 /* BackImage@2x.png */; };
		F5EB7D2F1945168D00ACEB45 /* ForwardImage.png in Resources */ = {isa = PBXBuildFile; fileRef = F5EB7D2D1945168D00ACEB45 /* ForwardImage.png */; };
		F5EB7D301945168D00ACEB45 /* ForwardImage@2x.png in Resources */ = {isa = PBXBuildFile; fileRef = F5EB7D2E1945168D00ACEB45 /* ForwardImage@2x.png */; };
		F5EB7D34194529A400ACEB45 /* CAGChooseParticipantViewController.m in Sources */ = {isa = PBXBuildFile; fileRef = F5EB7D32194529A400ACEB45 /* CAGChooseParticipantViewController.m */; };
		F5EB7D35194529A400ACEB45 /* CAGChooseParticipantViewController.xib in Resources */ = {isa = PBXBuildFile; fileRef = F5EB7D33194529A400ACEB45 /* CAGChooseParticipantViewController.xib */; };
		F5EB7D3919452D6100ACEB45 /* CAGChooseParticipantTableViewCell.m in Sources */ = {isa = PBXBuildFile; fileRef = F5EB7D3719452D6100ACEB45 /* CAGChooseParticipantTableViewCell.m */; };
		F5EB7D3A19452D6100ACEB45 /* CAGChooseParticipantTableViewCell.xib in Resources */ = {isa = PBXBuildFile; fileRef = F5EB7D3819452D6100ACEB45 /* CAGChooseParticipantTableViewCell.xib */; };
/* End PBXBuildFile section */

/* Begin PBXContainerItemProxy section */
		F50414A018B8767E00787B21 /* PBXContainerItemProxy */ = {
			isa = PBXContainerItemProxy;
			containerPortal = F504146C18B8767D00787B21 /* Project object */;
			proxyType = 1;
			remoteGlobalIDString = F504147318B8767D00787B21;
			remoteInfo = PsychologyResearch;
		};
/* End PBXContainerItemProxy section */

/* Begin PBXFileReference section */
		9EC94BA71A3FF94D00686BAA /* CRFilter.h */ = {isa = PBXFileReference; fileEncoding = 4; lastKnownFileType = sourcecode.c.h; path = CRFilter.h; sourceTree = "<group>"; };
		9EC94BA81A3FF94D00686BAA /* Crittercism.h */ = {isa = PBXFileReference; fileEncoding = 4; lastKnownFileType = sourcecode.c.h; path = Crittercism.h; sourceTree = "<group>"; };
		9EC94BA91A3FF94D00686BAA /* CrittercismDelegate.h */ = {isa = PBXFileReference; fileEncoding = 4; lastKnownFileType = sourcecode.c.h; path = CrittercismDelegate.h; sourceTree = "<group>"; };
		9EC94BAA1A3FF94D00686BAA /* dsym_upload.sh */ = {isa = PBXFileReference; fileEncoding = 4; lastKnownFileType = text.script.sh; path = dsym_upload.sh; sourceTree = "<group>"; };
		9EC94BAB1A3FF94D00686BAA /* libCrittercism_v5_0_7.a */ = {isa = PBXFileReference; lastKnownFileType = archive.ar; path = libCrittercism_v5_0_7.a; sourceTree = "<group>"; };
		9EC94BAE1A3FF96100686BAA /* SystemConfiguration.framework */ = {isa = PBXFileReference; lastKnownFileType = wrapper.framework; name = SystemConfiguration.framework; path = System/Library/Frameworks/SystemConfiguration.framework; sourceTree = SDKROOT; };
		F504147418B8767D00787B21 /* Behavior Buddy.app */ = {isa = PBXFileReference; explicitFileType = wrapper.application; includeInIndex = 0; path = "Behavior Buddy.app"; sourceTree = BUILT_PRODUCTS_DIR; };
		F504147718B8767D00787B21 /* Foundation.framework */ = {isa = PBXFileReference; lastKnownFileType = wrapper.framework; name = Foundation.framework; path = System/Library/Frameworks/Foundation.framework; sourceTree = SDKROOT; };
		F504147918B8767D00787B21 /* CoreGraphics.framework */ = {isa = PBXFileReference; lastKnownFileType = wrapper.framework; name = CoreGraphics.framework; path = System/Library/Frameworks/CoreGraphics.framework; sourceTree = SDKROOT; };
		F504147B18B8767D00787B21 /* UIKit.framework */ = {isa = PBXFileReference; lastKnownFileType = wrapper.framework; name = UIKit.framework; path = System/Library/Frameworks/UIKit.framework; sourceTree = SDKROOT; };
		F504147F18B8767D00787B21 /* PsychologyResearch-Info.plist */ = {isa = PBXFileReference; lastKnownFileType = text.plist.xml; path = "PsychologyResearch-Info.plist"; sourceTree = "<group>"; };
		F504148118B8767D00787B21 /* en */ = {isa = PBXFileReference; lastKnownFileType = text.plist.strings; name = en; path = en.lproj/InfoPlist.strings; sourceTree = "<group>"; };
		F504148318B8767D00787B21 /* main.m */ = {isa = PBXFileReference; lastKnownFileType = sourcecode.c.objc; path = main.m; sourceTree = "<group>"; };
		F504148518B8767D00787B21 /* PsychologyResearch-Prefix.pch */ = {isa = PBXFileReference; lastKnownFileType = sourcecode.c.h; path = "PsychologyResearch-Prefix.pch"; sourceTree = "<group>"; };
		F504148618B8767D00787B21 /* CAGAppDelegate.h */ = {isa = PBXFileReference; lastKnownFileType = sourcecode.c.h; path = CAGAppDelegate.h; sourceTree = "<group>"; };
		F504148718B8767D00787B21 /* CAGAppDelegate.m */ = {isa = PBXFileReference; lastKnownFileType = sourcecode.c.objc; path = CAGAppDelegate.m; sourceTree = "<group>"; };
		F504148A18B8767D00787B21 /* Base */ = {isa = PBXFileReference; lastKnownFileType = file.storyboard; name = Base; path = Base.lproj/Main_iPhone.storyboard; sourceTree = "<group>"; };
		F504148D18B8767D00787B21 /* Base */ = {isa = PBXFileReference; lastKnownFileType = file.storyboard; name = Base; path = Base.lproj/Main_iPad.storyboard; sourceTree = "<group>"; };
		F504148F18B8767D00787B21 /* CAGPrepareViewController.h */ = {isa = PBXFileReference; lastKnownFileType = sourcecode.c.h; path = CAGPrepareViewController.h; sourceTree = "<group>"; };
		F504149018B8767D00787B21 /* CAGPrepareViewController.m */ = {isa = PBXFileReference; lastKnownFileType = sourcecode.c.objc; path = CAGPrepareViewController.m; sourceTree = "<group>"; };
		F504149218B8767D00787B21 /* CAGCollectViewController.h */ = {isa = PBXFileReference; lastKnownFileType = sourcecode.c.h; path = CAGCollectViewController.h; sourceTree = "<group>"; };
		F504149318B8767D00787B21 /* CAGCollectViewController.m */ = {isa = PBXFileReference; lastKnownFileType = sourcecode.c.objc; path = CAGCollectViewController.m; sourceTree = "<group>"; };
		F504149518B8767D00787B21 /* Images.xcassets */ = {isa = PBXFileReference; lastKnownFileType = folder.assetcatalog; path = Images.xcassets; sourceTree = "<group>"; };
		F504149B18B8767D00787B21 /* PsychologyResearchTests.xctest */ = {isa = PBXFileReference; explicitFileType = wrapper.cfbundle; includeInIndex = 0; path = PsychologyResearchTests.xctest; sourceTree = BUILT_PRODUCTS_DIR; };
		F504149C18B8767D00787B21 /* XCTest.framework */ = {isa = PBXFileReference; lastKnownFileType = wrapper.framework; name = XCTest.framework; path = Library/Frameworks/XCTest.framework; sourceTree = DEVELOPER_DIR; };
		F50414A418B8767E00787B21 /* PsychologyResearchTests-Info.plist */ = {isa = PBXFileReference; lastKnownFileType = text.plist.xml; path = "PsychologyResearchTests-Info.plist"; sourceTree = "<group>"; };
		F50414A618B8767E00787B21 /* en */ = {isa = PBXFileReference; lastKnownFileType = text.plist.strings; name = en; path = en.lproj/InfoPlist.strings; sourceTree = "<group>"; };
		F50414A818B8767E00787B21 /* PsychologyResearchTests.m */ = {isa = PBXFileReference; lastKnownFileType = sourcecode.c.objc; path = PsychologyResearchTests.m; sourceTree = "<group>"; };
		F530AB6418C0A82700B4CFE7 /* CAGRecordBehaviorView.h */ = {isa = PBXFileReference; fileEncoding = 4; lastKnownFileType = sourcecode.c.h; path = CAGRecordBehaviorView.h; sourceTree = "<group>"; };
		F530AB6518C0A82700B4CFE7 /* CAGRecordBehaviorView.m */ = {isa = PBXFileReference; fileEncoding = 4; lastKnownFileType = sourcecode.c.objc; path = CAGRecordBehaviorView.m; sourceTree = "<group>"; };
		F530AB6718C0A83F00B4CFE7 /* CAGRecordBehaviorView.xib */ = {isa = PBXFileReference; fileEncoding = 4; lastKnownFileType = file.xib; path = CAGRecordBehaviorView.xib; sourceTree = "<group>"; };
		F53160161A884E030099E6B5 /* app-icon-puzzle-new-ipad.png */ = {isa = PBXFileReference; lastKnownFileType = image.png; path = "app-icon-puzzle-new-ipad.png"; sourceTree = "<group>"; };
		F53160171A884E030099E6B5 /* app-icon-puzzle-new-ipad@2x.png */ = {isa = PBXFileReference; lastKnownFileType = image.png; path = "app-icon-puzzle-new-ipad@2x.png"; sourceTree = "<group>"; };
		F53160181A884E030099E6B5 /* app-icon-puzzle-new-iphone.png */ = {isa = PBXFileReference; lastKnownFileType = image.png; path = "app-icon-puzzle-new-iphone.png"; sourceTree = "<group>"; };
		F531601C1A8850CC0099E6B5 /* app-icon-puzzle-new2-ipad.png */ = {isa = PBXFileReference; lastKnownFileType = image.png; path = "app-icon-puzzle-new2-ipad.png"; sourceTree = "<group>"; };
		F531601D1A8850CC0099E6B5 /* app-icon-puzzle-new2-ipad@2x.png */ = {isa = PBXFileReference; lastKnownFileType = image.png; path = "app-icon-puzzle-new2-ipad@2x.png"; sourceTree = "<group>"; };
		F531601E1A8850CC0099E6B5 /* app-icon-puzzle-new2-iphone.png */ = {isa = PBXFileReference; lastKnownFileType = image.png; path = "app-icon-puzzle-new2-iphone.png"; sourceTree = "<group>"; };
		F531602A1A885BC60099E6B5 /* Interact.png */ = {isa = PBXFileReference; lastKnownFileType = image.png; path = Interact.png; sourceTree = "<group>"; };
		F531602B1A885BC60099E6B5 /* Interact@2x.png */ = {isa = PBXFileReference; lastKnownFileType = image.png; path = "Interact@2x.png"; sourceTree = "<group>"; };
		F531602C1A885BC60099E6B5 /* Prepare@2x.png */ = {isa = PBXFileReference; lastKnownFileType = image.png; path = "Prepare@2x.png"; sourceTree = "<group>"; };
		F53160301A885BD80099E6B5 /* Prepare.png */ = {isa = PBXFileReference; lastKnownFileType = image.png; path = Prepare.png; sourceTree = "<group>"; };
		F531603D1A885FF10099E6B5 /* launchimage@2x.png */ = {isa = PBXFileReference; lastKnownFileType = image.png; path = "launchimage@2x.png"; sourceTree = "<group>"; };
		F53160401A8861260099E6B5 /* launchimage.png */ = {isa = PBXFileReference; lastKnownFileType = image.png; path = launchimage.png; sourceTree = "<group>"; };
		F5912DE11A0F021800B65EF5 /* Photos.framework */ = {isa = PBXFileReference; lastKnownFileType = wrapper.framework; name = Photos.framework; path = System/Library/Frameworks/Photos.framework; sourceTree = SDKROOT; };
		F59E27C3192FCE3900147641 /* PlusImage.png */ = {isa = PBXFileReference; lastKnownFileType = image.png; path = PlusImage.png; sourceTree = "<group>"; };
		F59E27C4192FCE3900147641 /* PlusImage@2x.png */ = {isa = PBXFileReference; lastKnownFileType = image.png; path = "PlusImage@2x.png"; sourceTree = "<group>"; };
		F59E27C71930454500147641 /* EditImage.png */ = {isa = PBXFileReference; lastKnownFileType = image.png; path = EditImage.png; sourceTree = "<group>"; };
		F59E27C81930454500147641 /* EditImage@2x.png */ = {isa = PBXFileReference; lastKnownFileType = image.png; path = "EditImage@2x.png"; sourceTree = "<group>"; };
		F5AB95ED194A959E00713E28 /* XImage.png */ = {isa = PBXFileReference; lastKnownFileType = image.png; path = XImage.png; sourceTree = "<group>"; };
		F5AB95EE194A959E00713E28 /* XImage@2x.png */ = {isa = PBXFileReference; lastKnownFileType = image.png; path = "XImage@2x.png"; sourceTree = "<group>"; };
		F5AB95F3194A95BD00713E28 /* CheckImage.png */ = {isa = PBXFileReference; lastKnownFileType = image.png; path = CheckImage.png; sourceTree = "<group>"; };
		F5AB95F4194A95BD00713E28 /* CheckImage@2x.png */ = {isa = PBXFileReference; lastKnownFileType = image.png; path = "CheckImage@2x.png"; sourceTree = "<group>"; };
		F5AB95F7194AA10100713E28 /* ColorsImage.png */ = {isa = PBXFileReference; lastKnownFileType = image.png; path = ColorsImage.png; sourceTree = "<group>"; };
		F5AB95F8194AA10100713E28 /* ColorsImage@2x.png */ = {isa = PBXFileReference; lastKnownFileType = image.png; path = "ColorsImage@2x.png"; sourceTree = "<group>"; };
		F5AB95FB194AAF6700713E28 /* TrashCan.png */ = {isa = PBXFileReference; lastKnownFileType = image.png; path = TrashCan.png; sourceTree = "<group>"; };
		F5AB95FC194AAF6700713E28 /* TrashCan@2x.png */ = {isa = PBXFileReference; lastKnownFileType = image.png; path = "TrashCan@2x.png"; sourceTree = "<group>"; };
		F5CB869F1A10545A007364B0 /* AVKit.framework */ = {isa = PBXFileReference; lastKnownFileType = wrapper.framework; name = AVKit.framework; path = System/Library/Frameworks/AVKit.framework; sourceTree = SDKROOT; };
		F5CB86A11A10B775007364B0 /* BlackBox.png */ = {isa = PBXFileReference; lastKnownFileType = image.png; path = BlackBox.png; sourceTree = "<group>"; };
		F5CB86A21A10B775007364B0 /* BlackBox@2x.png */ = {isa = PBXFileReference; lastKnownFileType = image.png; path = "BlackBox@2x.png"; sourceTree = "<group>"; };
		F5D2575118E10D4D00AF21F7 /* CAGCustomTypes.h */ = {isa = PBXFileReference; fileEncoding = 4; lastKnownFileType = sourcecode.c.h; path = CAGCustomTypes.h; sourceTree = "<group>"; };
		F5D2575218E10D4D00AF21F7 /* CAGCustomTypes.m */ = {isa = PBXFileReference; fileEncoding = 4; lastKnownFileType = sourcecode.c.objc; path = CAGCustomTypes.m; sourceTree = "<group>"; };
		F5D2575518E243AD00AF21F7 /* colorPicker.bundle */ = {isa = PBXFileReference; lastKnownFileType = "wrapper.plug-in"; path = colorPicker.bundle; sourceTree = "<group>"; };
		F5D2575618E243AD00AF21F7 /* NEOColorPickerBaseViewController.h */ = {isa = PBXFileReference; fileEncoding = 4; lastKnownFileType = sourcecode.c.h; path = NEOColorPickerBaseViewController.h; sourceTree = "<group>"; };
		F5D2575718E243AD00AF21F7 /* NEOColorPickerBaseViewController.m */ = {isa = PBXFileReference; fileEncoding = 4; lastKnownFileType = sourcecode.c.objc; path = NEOColorPickerBaseViewController.m; sourceTree = "<group>"; };
		F5D2575818E243AD00AF21F7 /* NEOColorPickerFavoritesViewController.h */ = {isa = PBXFileReference; fileEncoding = 4; lastKnownFileType = sourcecode.c.h; path = NEOColorPickerFavoritesViewController.h; sourceTree = "<group>"; };
		F5D2575918E243AD00AF21F7 /* NEOColorPickerFavoritesViewController.m */ = {isa = PBXFileReference; fileEncoding = 4; lastKnownFileType = sourcecode.c.objc; path = NEOColorPickerFavoritesViewController.m; sourceTree = "<group>"; };
		F5D2575A18E243AD00AF21F7 /* NEOColorPickerFavoritesViewController.xib */ = {isa = PBXFileReference; fileEncoding = 4; lastKnownFileType = file.xib; path = NEOColorPickerFavoritesViewController.xib; sourceTree = "<group>"; };
		F5D2575B18E243AD00AF21F7 /* NEOColorPickerGradientView.h */ = {isa = PBXFileReference; fileEncoding = 4; lastKnownFileType = sourcecode.c.h; path = NEOColorPickerGradientView.h; sourceTree = "<group>"; };
		F5D2575C18E243AD00AF21F7 /* NEOColorPickerGradientView.m */ = {isa = PBXFileReference; fileEncoding = 4; lastKnownFileType = sourcecode.c.objc; path = NEOColorPickerGradientView.m; sourceTree = "<group>"; };
		F5D2575D18E243AD00AF21F7 /* NEOColorPickerHSLViewController.h */ = {isa = PBXFileReference; fileEncoding = 4; lastKnownFileType = sourcecode.c.h; path = NEOColorPickerHSLViewController.h; sourceTree = "<group>"; };
		F5D2575E18E243AD00AF21F7 /* NEOColorPickerHSLViewController.m */ = {isa = PBXFileReference; fileEncoding = 4; lastKnownFileType = sourcecode.c.objc; path = NEOColorPickerHSLViewController.m; sourceTree = "<group>"; };
		F5D2575F18E243AD00AF21F7 /* NEOColorPickerHSLViewController.xib */ = {isa = PBXFileReference; fileEncoding = 4; lastKnownFileType = file.xib; path = NEOColorPickerHSLViewController.xib; sourceTree = "<group>"; };
		F5D2576018E243AD00AF21F7 /* NEOColorPickerHueGridViewController.h */ = {isa = PBXFileReference; fileEncoding = 4; lastKnownFileType = sourcecode.c.h; path = NEOColorPickerHueGridViewController.h; sourceTree = "<group>"; };
		F5D2576118E243AD00AF21F7 /* NEOColorPickerHueGridViewController.m */ = {isa = PBXFileReference; fileEncoding = 4; lastKnownFileType = sourcecode.c.objc; path = NEOColorPickerHueGridViewController.m; sourceTree = "<group>"; };
		F5D2576218E243AD00AF21F7 /* NEOColorPickerHueGridViewController.xib */ = {isa = PBXFileReference; fileEncoding = 4; lastKnownFileType = file.xib; path = NEOColorPickerHueGridViewController.xib; sourceTree = "<group>"; };
		F5D2576318E243AD00AF21F7 /* NEOColorPickerViewController.h */ = {isa = PBXFileReference; fileEncoding = 4; lastKnownFileType = sourcecode.c.h; path = NEOColorPickerViewController.h; sourceTree = "<group>"; };
		F5D2576418E243AD00AF21F7 /* NEOColorPickerViewController.m */ = {isa = PBXFileReference; fileEncoding = 4; lastKnownFileType = sourcecode.c.objc; path = NEOColorPickerViewController.m; sourceTree = "<group>"; };
		F5D2576518E243AD00AF21F7 /* NEOColorPickerViewController.xib */ = {isa = PBXFileReference; fileEncoding = 4; lastKnownFileType = file.xib; path = NEOColorPickerViewController.xib; sourceTree = "<group>"; };
		F5D2576618E243AD00AF21F7 /* UIColor+NEOColor.h */ = {isa = PBXFileReference; fileEncoding = 4; lastKnownFileType = sourcecode.c.h; path = "UIColor+NEOColor.h"; sourceTree = "<group>"; };
		F5D2576718E243AD00AF21F7 /* UIColor+NEOColor.m */ = {isa = PBXFileReference; fileEncoding = 4; lastKnownFileType = sourcecode.c.objc; path = "UIColor+NEOColor.m"; sourceTree = "<group>"; };
		F5D2577C18E281E100AF21F7 /* LDProgressView.h */ = {isa = PBXFileReference; fileEncoding = 4; lastKnownFileType = sourcecode.c.h; path = LDProgressView.h; sourceTree = "<group>"; };
		F5D2577D18E281E100AF21F7 /* LDProgressView.m */ = {isa = PBXFileReference; fileEncoding = 4; lastKnownFileType = sourcecode.c.objc; path = LDProgressView.m; sourceTree = "<group>"; };
		F5D2577E18E281E100AF21F7 /* UIColor+RGBValues.h */ = {isa = PBXFileReference; fileEncoding = 4; lastKnownFileType = sourcecode.c.h; path = "UIColor+RGBValues.h"; sourceTree = "<group>"; };
		F5D2577F18E281E100AF21F7 /* UIColor+RGBValues.m */ = {isa = PBXFileReference; fileEncoding = 4; lastKnownFileType = sourcecode.c.objc; path = "UIColor+RGBValues.m"; sourceTree = "<group>"; };
		F5D2578418E284B900AF21F7 /* CAGParticipantViewController.h */ = {isa = PBXFileReference; fileEncoding = 4; lastKnownFileType = sourcecode.c.h; path = CAGParticipantViewController.h; sourceTree = "<group>"; };
		F5D2578518E284B900AF21F7 /* CAGParticipantViewController.m */ = {isa = PBXFileReference; fileEncoding = 4; lastKnownFileType = sourcecode.c.objc; path = CAGParticipantViewController.m; sourceTree = "<group>"; };
		F5D2578618E284B900AF21F7 /* CAGParticipantViewController.xib */ = {isa = PBXFileReference; fileEncoding = 4; lastKnownFileType = file.xib; path = CAGParticipantViewController.xib; sourceTree = "<group>"; };
		F5D2578918E2890500AF21F7 /* CAGTypeTableViewCell.h */ = {isa = PBXFileReference; fileEncoding = 4; lastKnownFileType = sourcecode.c.h; path = CAGTypeTableViewCell.h; sourceTree = "<group>"; };
		F5D2578A18E2890500AF21F7 /* CAGTypeTableViewCell.m */ = {isa = PBXFileReference; fileEncoding = 4; lastKnownFileType = sourcecode.c.objc; path = CAGTypeTableViewCell.m; sourceTree = "<group>"; };
		F5D2578B18E2890500AF21F7 /* CAGTypeTableViewCell.xib */ = {isa = PBXFileReference; fileEncoding = 4; lastKnownFileType = file.xib; path = CAGTypeTableViewCell.xib; sourceTree = "<group>"; };
		F5D2579318E2893500AF21F7 /* CAGActionTableViewCell.h */ = {isa = PBXFileReference; fileEncoding = 4; lastKnownFileType = sourcecode.c.h; name = CAGActionTableViewCell.h; path = ../CAGActionTableViewCell.h; sourceTree = "<group>"; };
		F5D2579418E2893500AF21F7 /* CAGActionTableViewCell.m */ = {isa = PBXFileReference; fileEncoding = 4; lastKnownFileType = sourcecode.c.objc; name = CAGActionTableViewCell.m; path = ../CAGActionTableViewCell.m; sourceTree = "<group>"; };
		F5D2579518E2893500AF21F7 /* CAGActionTableViewCell.xib */ = {isa = PBXFileReference; fileEncoding = 4; lastKnownFileType = file.xib; name = CAGActionTableViewCell.xib; path = ../CAGActionTableViewCell.xib; sourceTree = "<group>"; };
		F5D2579818E2986000AF21F7 /* color-picker-hue@2x.png */ = {isa = PBXFileReference; lastKnownFileType = image.png; name = "color-picker-hue@2x.png"; path = "Source/colorPicker.bundle/color-picker-hue@2x.png"; sourceTree = "<group>"; };
		F5D2579A18E53FFD00AF21F7 /* CAGParticipantResponsesView.xib */ = {isa = PBXFileReference; fileEncoding = 4; lastKnownFileType = file.xib; path = CAGParticipantResponsesView.xib; sourceTree = "<group>"; };
		F5D2579C18E5409100AF21F7 /* CAGParticipantResponsesView.h */ = {isa = PBXFileReference; fileEncoding = 4; lastKnownFileType = sourcecode.c.h; path = CAGParticipantResponsesView.h; sourceTree = "<group>"; };
		F5D2579D18E5409100AF21F7 /* CAGParticipantResponsesView.m */ = {isa = PBXFileReference; fileEncoding = 4; lastKnownFileType = sourcecode.c.objc; path = CAGParticipantResponsesView.m; sourceTree = "<group>"; };
		F5DAA35118BC7F340097CB97 /* CAGNewBehaviorView.xib */ = {isa = PBXFileReference; fileEncoding = 4; lastKnownFileType = file.xib; path = CAGNewBehaviorView.xib; sourceTree = "<group>"; };
		F5DAA35318BC813D0097CB97 /* CAGNewBehaviorView.h */ = {isa = PBXFileReference; fileEncoding = 4; lastKnownFileType = sourcecode.c.h; path = CAGNewBehaviorView.h; sourceTree = "<group>"; };
		F5DAA35418BC813D0097CB97 /* CAGNewBehaviorView.m */ = {isa = PBXFileReference; fileEncoding = 4; lastKnownFileType = sourcecode.c.objc; path = CAGNewBehaviorView.m; sourceTree = "<group>"; };
		F5EB7D29194515C800ACEB45 /* BackImage.png */ = {isa = PBXFileReference; lastKnownFileType = image.png; path = BackImage.png; sourceTree = "<group>"; };
		F5EB7D2A194515C800ACEB45 /* BackImage@2x.png */ = {isa = PBXFileReference; lastKnownFileType = image.png; path = "BackImage@2x.png"; sourceTree = "<group>"; };
		F5EB7D2D1945168D00ACEB45 /* ForwardImage.png */ = {isa = PBXFileReference; lastKnownFileType = image.png; path = ForwardImage.png; sourceTree = "<group>"; };
		F5EB7D2E1945168D00ACEB45 /* ForwardImage@2x.png */ = {isa = PBXFileReference; lastKnownFileType = image.png; path = "ForwardImage@2x.png"; sourceTree = "<group>"; };
		F5EB7D31194529A400ACEB45 /* CAGChooseParticipantViewController.h */ = {isa = PBXFileReference; fileEncoding = 4; lastKnownFileType = sourcecode.c.h; path = CAGChooseParticipantViewController.h; sourceTree = "<group>"; };
		F5EB7D32194529A400ACEB45 /* CAGChooseParticipantViewController.m */ = {isa = PBXFileReference; fileEncoding = 4; lastKnownFileType = sourcecode.c.objc; path = CAGChooseParticipantViewController.m; sourceTree = "<group>"; };
		F5EB7D33194529A400ACEB45 /* CAGChooseParticipantViewController.xib */ = {isa = PBXFileReference; fileEncoding = 4; lastKnownFileType = file.xib; path = CAGChooseParticipantViewController.xib; sourceTree = "<group>"; };
		F5EB7D3619452D6000ACEB45 /* CAGChooseParticipantTableViewCell.h */ = {isa = PBXFileReference; fileEncoding = 4; lastKnownFileType = sourcecode.c.h; path = CAGChooseParticipantTableViewCell.h; sourceTree = "<group>"; };
		F5EB7D3719452D6100ACEB45 /* CAGChooseParticipantTableViewCell.m */ = {isa = PBXFileReference; fileEncoding = 4; lastKnownFileType = sourcecode.c.objc; path = CAGChooseParticipantTableViewCell.m; sourceTree = "<group>"; };
		F5EB7D3819452D6100ACEB45 /* CAGChooseParticipantTableViewCell.xib */ = {isa = PBXFileReference; fileEncoding = 4; lastKnownFileType = file.xib; path = CAGChooseParticipantTableViewCell.xib; sourceTree = "<group>"; };
/* End PBXFileReference section */

/* Begin PBXFrameworksBuildPhase section */
		F504147118B8767D00787B21 /* Frameworks */ = {
			isa = PBXFrameworksBuildPhase;
			buildActionMask = 2147483647;
			files = (
				9EC94BAF1A3FF96100686BAA /* SystemConfiguration.framework in Frameworks */,
				F5CB86A01A10545A007364B0 /* AVKit.framework in Frameworks */,
				F504147A18B8767D00787B21 /* CoreGraphics.framework in Frameworks */,
				F504147C18B8767D00787B21 /* UIKit.framework in Frameworks */,
				F504147818B8767D00787B21 /* Foundation.framework in Frameworks */,
				9EC94BAD1A3FF94D00686BAA /* libCrittercism_v5_0_7.a in Frameworks */,
			);
			runOnlyForDeploymentPostprocessing = 0;
		};
		F504149818B8767D00787B21 /* Frameworks */ = {
			isa = PBXFrameworksBuildPhase;
			buildActionMask = 2147483647;
			files = (
				F504149D18B8767D00787B21 /* XCTest.framework in Frameworks */,
				F504149F18B8767D00787B21 /* UIKit.framework in Frameworks */,
				F504149E18B8767D00787B21 /* Foundation.framework in Frameworks */,
			);
			runOnlyForDeploymentPostprocessing = 0;
		};
/* End PBXFrameworksBuildPhase section */

/* Begin PBXGroup section */
		9EC94BA61A3FF94D00686BAA /* CrittercismSDK */ = {
			isa = PBXGroup;
			children = (
				9EC94BA71A3FF94D00686BAA /* CRFilter.h */,
				9EC94BA81A3FF94D00686BAA /* Crittercism.h */,
				9EC94BA91A3FF94D00686BAA /* CrittercismDelegate.h */,
				9EC94BAA1A3FF94D00686BAA /* dsym_upload.sh */,
				9EC94BAB1A3FF94D00686BAA /* libCrittercism_v5_0_7.a */,
			);
			path = CrittercismSDK;
			sourceTree = "<group>";
		};
		F504146B18B8767D00787B21 = {
			isa = PBXGroup;
			children = (
				F504147D18B8767D00787B21 /* Behavior Buddy */,
				F50414A218B8767E00787B21 /* Behavior Buddy Tests */,
				F504147618B8767D00787B21 /* Frameworks */,
				F504147518B8767D00787B21 /* Products */,
				9EC94BA61A3FF94D00686BAA /* CrittercismSDK */,
			);
			sourceTree = "<group>";
		};
		F504147518B8767D00787B21 /* Products */ = {
			isa = PBXGroup;
			children = (
				F504147418B8767D00787B21 /* Behavior Buddy.app */,
				F504149B18B8767D00787B21 /* PsychologyResearchTests.xctest */,
			);
			name = Products;
			sourceTree = "<group>";
		};
		F504147618B8767D00787B21 /* Frameworks */ = {
			isa = PBXGroup;
			children = (
				9EC94BAE1A3FF96100686BAA /* SystemConfiguration.framework */,
				F5CB869F1A10545A007364B0 /* AVKit.framework */,
				F5912DE11A0F021800B65EF5 /* Photos.framework */,
				F504147718B8767D00787B21 /* Foundation.framework */,
				F504147918B8767D00787B21 /* CoreGraphics.framework */,
				F504147B18B8767D00787B21 /* UIKit.framework */,
				F504149C18B8767D00787B21 /* XCTest.framework */,
			);
			name = Frameworks;
			sourceTree = "<group>";
		};
		F504147D18B8767D00787B21 /* Behavior Buddy */ = {
			isa = PBXGroup;
			children = (
				F504148618B8767D00787B21 /* CAGAppDelegate.h */,
				F504148718B8767D00787B21 /* CAGAppDelegate.m */,
				F504148918B8767D00787B21 /* Main_iPhone.storyboard */,
				F504148C18B8767D00787B21 /* Main_iPad.storyboard */,
				F504148F18B8767D00787B21 /* CAGPrepareViewController.h */,
				F504149018B8767D00787B21 /* CAGPrepareViewController.m */,
				F5DAA35318BC813D0097CB97 /* CAGNewBehaviorView.h */,
				F5DAA35418BC813D0097CB97 /* CAGNewBehaviorView.m */,
				F5DAA35118BC7F340097CB97 /* CAGNewBehaviorView.xib */,
				F530AB6418C0A82700B4CFE7 /* CAGRecordBehaviorView.h */,
				F530AB6518C0A82700B4CFE7 /* CAGRecordBehaviorView.m */,
				F530AB6718C0A83F00B4CFE7 /* CAGRecordBehaviorView.xib */,
				F504149218B8767D00787B21 /* CAGCollectViewController.h */,
				F504149318B8767D00787B21 /* CAGCollectViewController.m */,
				F5D2575118E10D4D00AF21F7 /* CAGCustomTypes.h */,
				F5D2575218E10D4D00AF21F7 /* CAGCustomTypes.m */,
				F5D2578418E284B900AF21F7 /* CAGParticipantViewController.h */,
				F5D2578518E284B900AF21F7 /* CAGParticipantViewController.m */,
				F5D2578618E284B900AF21F7 /* CAGParticipantViewController.xib */,
				F5D2578918E2890500AF21F7 /* CAGTypeTableViewCell.h */,
				F5D2578A18E2890500AF21F7 /* CAGTypeTableViewCell.m */,
				F5D2578B18E2890500AF21F7 /* CAGTypeTableViewCell.xib */,
				F5D2579318E2893500AF21F7 /* CAGActionTableViewCell.h */,
				F5D2579418E2893500AF21F7 /* CAGActionTableViewCell.m */,
				F5D2579518E2893500AF21F7 /* CAGActionTableViewCell.xib */,
				F5D2579C18E5409100AF21F7 /* CAGParticipantResponsesView.h */,
				F5D2579D18E5409100AF21F7 /* CAGParticipantResponsesView.m */,
				F5D2579A18E53FFD00AF21F7 /* CAGParticipantResponsesView.xib */,
				F5EB7D31194529A400ACEB45 /* CAGChooseParticipantViewController.h */,
				F5EB7D32194529A400ACEB45 /* CAGChooseParticipantViewController.m */,
				F5EB7D33194529A400ACEB45 /* CAGChooseParticipantViewController.xib */,
				F5EB7D3619452D6000ACEB45 /* CAGChooseParticipantTableViewCell.h */,
				F5EB7D3719452D6100ACEB45 /* CAGChooseParticipantTableViewCell.m */,
				F5EB7D3819452D6100ACEB45 /* CAGChooseParticipantTableViewCell.xib */,
				F504149518B8767D00787B21 /* Images.xcassets */,
				F53160161A884E030099E6B5 /* app-icon-puzzle-new-ipad.png */,
				F53160171A884E030099E6B5 /* app-icon-puzzle-new-ipad@2x.png */,
				F53160181A884E030099E6B5 /* app-icon-puzzle-new-iphone.png */,
				F531601C1A8850CC0099E6B5 /* app-icon-puzzle-new2-ipad.png */,
				F531601D1A8850CC0099E6B5 /* app-icon-puzzle-new2-ipad@2x.png */,
				F531601E1A8850CC0099E6B5 /* app-icon-puzzle-new2-iphone.png */,
				F5CB86A11A10B775007364B0 /* BlackBox.png */,
				F5CB86A21A10B775007364B0 /* BlackBox@2x.png */,
				F5AB95FB194AAF6700713E28 /* TrashCan.png */,
				F5AB95FC194AAF6700713E28 /* TrashCan@2x.png */,
				F5AB95F7194AA10100713E28 /* ColorsImage.png */,
				F5AB95F8194AA10100713E28 /* ColorsImage@2x.png */,
				F5AB95F3194A95BD00713E28 /* CheckImage.png */,
				F5AB95F4194A95BD00713E28 /* CheckImage@2x.png */,
				F5AB95ED194A959E00713E28 /* XImage.png */,
				F5AB95EE194A959E00713E28 /* XImage@2x.png */,
				F5EB7D29194515C800ACEB45 /* BackImage.png */,
				F5EB7D2A194515C800ACEB45 /* BackImage@2x.png */,
				F5EB7D2D1945168D00ACEB45 /* ForwardImage.png */,
				F5EB7D2E1945168D00ACEB45 /* ForwardImage@2x.png */,
				F59E27C3192FCE3900147641 /* PlusImage.png */,
				F59E27C4192FCE3900147641 /* PlusImage@2x.png */,
				F59E27C71930454500147641 /* EditImage.png */,
				F59E27C81930454500147641 /* EditImage@2x.png */,
				F531602A1A885BC60099E6B5 /* Interact.png */,
				F531602B1A885BC60099E6B5 /* Interact@2x.png */,
				F53160301A885BD80099E6B5 /* Prepare.png */,
				F531602C1A885BC60099E6B5 /* Prepare@2x.png */,
				F5D2579818E2986000AF21F7 /* color-picker-hue@2x.png */,
				F53160401A8861260099E6B5 /* launchimage.png */,
				F531603D1A885FF10099E6B5 /* launchimage@2x.png */,
				F5D2578318E281F300AF21F7 /* Progress Bar */,
				F5D2575418E243AD00AF21F7 /* Color Picker */,
				F504147E18B8767D00787B21 /* Supporting Files */,
			);
			name = "Behavior Buddy";
			path = BehaviorBuddy;
			sourceTree = "<group>";
		};
		F504147E18B8767D00787B21 /* Supporting Files */ = {
			isa = PBXGroup;
			children = (
				F504147F18B8767D00787B21 /* PsychologyResearch-Info.plist */,
				F504148018B8767D00787B21 /* InfoPlist.strings */,
				F504148318B8767D00787B21 /* main.m */,
				F504148518B8767D00787B21 /* PsychologyResearch-Prefix.pch */,
			);
			name = "Supporting Files";
			sourceTree = "<group>";
		};
		F50414A218B8767E00787B21 /* Behavior Buddy Tests */ = {
			isa = PBXGroup;
			children = (
				F50414A818B8767E00787B21 /* PsychologyResearchTests.m */,
				F50414A318B8767E00787B21 /* Supporting Files */,
			);
			name = "Behavior Buddy Tests";
			path = BehaviorBuddyTests;
			sourceTree = "<group>";
		};
		F50414A318B8767E00787B21 /* Supporting Files */ = {
			isa = PBXGroup;
			children = (
				F50414A418B8767E00787B21 /* PsychologyResearchTests-Info.plist */,
				F50414A518B8767E00787B21 /* InfoPlist.strings */,
			);
			name = "Supporting Files";
			sourceTree = "<group>";
		};
		F5D2575418E243AD00AF21F7 /* Color Picker */ = {
			isa = PBXGroup;
			children = (
				F5D2575518E243AD00AF21F7 /* colorPicker.bundle */,
				F5D2575618E243AD00AF21F7 /* NEOColorPickerBaseViewController.h */,
				F5D2575718E243AD00AF21F7 /* NEOColorPickerBaseViewController.m */,
				F5D2575818E243AD00AF21F7 /* NEOColorPickerFavoritesViewController.h */,
				F5D2575918E243AD00AF21F7 /* NEOColorPickerFavoritesViewController.m */,
				F5D2575A18E243AD00AF21F7 /* NEOColorPickerFavoritesViewController.xib */,
				F5D2575B18E243AD00AF21F7 /* NEOColorPickerGradientView.h */,
				F5D2575C18E243AD00AF21F7 /* NEOColorPickerGradientView.m */,
				F5D2575D18E243AD00AF21F7 /* NEOColorPickerHSLViewController.h */,
				F5D2575E18E243AD00AF21F7 /* NEOColorPickerHSLViewController.m */,
				F5D2575F18E243AD00AF21F7 /* NEOColorPickerHSLViewController.xib */,
				F5D2576018E243AD00AF21F7 /* NEOColorPickerHueGridViewController.h */,
				F5D2576118E243AD00AF21F7 /* NEOColorPickerHueGridViewController.m */,
				F5D2576218E243AD00AF21F7 /* NEOColorPickerHueGridViewController.xib */,
				F5D2576318E243AD00AF21F7 /* NEOColorPickerViewController.h */,
				F5D2576418E243AD00AF21F7 /* NEOColorPickerViewController.m */,
				F5D2576518E243AD00AF21F7 /* NEOColorPickerViewController.xib */,
				F5D2576618E243AD00AF21F7 /* UIColor+NEOColor.h */,
				F5D2576718E243AD00AF21F7 /* UIColor+NEOColor.m */,
			);
			name = "Color Picker";
			path = Source;
			sourceTree = "<group>";
		};
		F5D2578318E281F300AF21F7 /* Progress Bar */ = {
			isa = PBXGroup;
			children = (
				F5D2577C18E281E100AF21F7 /* LDProgressView.h */,
				F5D2577D18E281E100AF21F7 /* LDProgressView.m */,
				F5D2577E18E281E100AF21F7 /* UIColor+RGBValues.h */,
				F5D2577F18E281E100AF21F7 /* UIColor+RGBValues.m */,
			);
			name = "Progress Bar";
			sourceTree = "<group>";
		};
/* End PBXGroup section */

/* Begin PBXNativeTarget section */
		F504147318B8767D00787B21 /* PsychologyResearch */ = {
			isa = PBXNativeTarget;
			buildConfigurationList = F50414AC18B8767E00787B21 /* Build configuration list for PBXNativeTarget "PsychologyResearch" */;
			buildPhases = (
				F504147018B8767D00787B21 /* Sources */,
				F504147118B8767D00787B21 /* Frameworks */,
				F504147218B8767D00787B21 /* Resources */,
				9EC94BB01A3FFB4B00686BAA /* ShellScript */,
			);
			buildRules = (
			);
			dependencies = (
			);
			name = PsychologyResearch;
			productName = PsychologyResearch;
			productReference = F504147418B8767D00787B21 /* Behavior Buddy.app */;
			productType = "com.apple.product-type.application";
		};
		F504149A18B8767D00787B21 /* PsychologyResearchTests */ = {
			isa = PBXNativeTarget;
			buildConfigurationList = F50414AF18B8767E00787B21 /* Build configuration list for PBXNativeTarget "PsychologyResearchTests" */;
			buildPhases = (
				F504149718B8767D00787B21 /* Sources */,
				F504149818B8767D00787B21 /* Frameworks */,
				F504149918B8767D00787B21 /* Resources */,
			);
			buildRules = (
			);
			dependencies = (
				F50414A118B8767E00787B21 /* PBXTargetDependency */,
			);
			name = PsychologyResearchTests;
			productName = PsychologyResearchTests;
			productReference = F504149B18B8767D00787B21 /* PsychologyResearchTests.xctest */;
			productType = "com.apple.product-type.bundle.unit-test";
		};
/* End PBXNativeTarget section */

/* Begin PBXProject section */
		F504146C18B8767D00787B21 /* Project object */ = {
			isa = PBXProject;
			attributes = {
				CLASSPREFIX = CAG;
				LastUpgradeCheck = 0510;
				ORGANIZATIONNAME = "Caleb Gomer";
				TargetAttributes = {
					F504147318B8767D00787B21 = {
						DevelopmentTeam = 7LVVFQ7LGW;
					};
					F504149A18B8767D00787B21 = {
						TestTargetID = F504147318B8767D00787B21;
					};
				};
			};
			buildConfigurationList = F504146F18B8767D00787B21 /* Build configuration list for PBXProject "Behavior Buddy" */;
			compatibilityVersion = "Xcode 3.2";
			developmentRegion = English;
			hasScannedForEncodings = 0;
			knownRegions = (
				en,
				Base,
			);
			mainGroup = F504146B18B8767D00787B21;
			productRefGroup = F504147518B8767D00787B21 /* Products */;
			projectDirPath = "";
			projectRoot = "";
			targets = (
				F504147318B8767D00787B21 /* PsychologyResearch */,
				F504149A18B8767D00787B21 /* PsychologyResearchTests */,
			);
		};
/* End PBXProject section */

/* Begin PBXResourcesBuildPhase section */
		F504147218B8767D00787B21 /* Resources */ = {
			isa = PBXResourcesBuildPhase;
			buildActionMask = 2147483647;
			files = (
				F5CB86A31A10B775007364B0 /* BlackBox.png in Resources */,
				F5AB95F5194A95BD00713E28 /* CheckImage.png in Resources */,
				F5CB86A41A10B775007364B0 /* BlackBox@2x.png in Resources */,
				F531601A1A884E030099E6B5 /* app-icon-puzzle-new-ipad@2x.png in Resources */,
				F53160201A8850CC0099E6B5 /* app-icon-puzzle-new2-ipad@2x.png in Resources */,
				F53160191A884E030099E6B5 /* app-icon-puzzle-new-ipad.png in Resources */,
				F59E27C6192FCE3900147641 /* PlusImage@2x.png in Resources */,
				F5D2576E18E243AD00AF21F7 /* NEOColorPickerHSLViewController.xib in Resources */,
				F5AB95F6194A95BD00713E28 /* CheckImage@2x.png in Resources */,
				F5EB7D2F1945168D00ACEB45 /* ForwardImage.png in Resources */,
				F531603F1A885FF10099E6B5 /* launchimage@2x.png in Resources */,
				F5DAA35218BC7F340097CB97 /* CAGNewBehaviorView.xib in Resources */,
				F5D2577218E243AD00AF21F7 /* NEOColorPickerViewController.xib in Resources */,
				F5D2579918E2986000AF21F7 /* color-picker-hue@2x.png in Resources */,
				F5D2577018E243AD00AF21F7 /* NEOColorPickerHueGridViewController.xib in Resources */,
				F531602E1A885BC60099E6B5 /* Interact@2x.png in Resources */,
				F5EB7D301945168D00ACEB45 /* ForwardImage@2x.png in Resources */,
				F5AB95F2194A959E00713E28 /* XImage@2x.png in Resources */,
				F531601F1A8850CC0099E6B5 /* app-icon-puzzle-new2-ipad.png in Resources */,
				F531602D1A885BC60099E6B5 /* Interact.png in Resources */,
				F5AB95FE194AAF6700713E28 /* TrashCan@2x.png in Resources */,
				F504148E18B8767D00787B21 /* Main_iPad.storyboard in Resources */,
				F5D2578818E284B900AF21F7 /* CAGParticipantViewController.xib in Resources */,
				F5D2579B18E53FFD00AF21F7 /* CAGParticipantResponsesView.xib in Resources */,
				F59E27C91930454500147641 /* EditImage.png in Resources */,
				F5EB7D2B194515C800ACEB45 /* BackImage.png in Resources */,
				F5D2579718E2893500AF21F7 /* CAGActionTableViewCell.xib in Resources */,
				F5EB7D2C194515C800ACEB45 /* BackImage@2x.png in Resources */,
				F5AB95F1194A959E00713E28 /* XImage.png in Resources */,
				F53160311A885BD80099E6B5 /* Prepare.png in Resources */,
				F59E27CA1930454500147641 /* EditImage@2x.png in Resources */,
				F59E27C5192FCE3900147641 /* PlusImage.png in Resources */,
				F5AB95FA194AA10100713E28 /* ColorsImage@2x.png in Resources */,
				F53160211A8850CC0099E6B5 /* app-icon-puzzle-new2-iphone.png in Resources */,
				F504149618B8767D00787B21 /* Images.xcassets in Resources */,
				F5D2576B18E243AD00AF21F7 /* NEOColorPickerFavoritesViewController.xib in Resources */,
				F5AB95F9194AA10100713E28 /* ColorsImage.png in Resources */,
				F531601B1A884E030099E6B5 /* app-icon-puzzle-new-iphone.png in Resources */,
				F5EB7D35194529A400ACEB45 /* CAGChooseParticipantViewController.xib in Resources */,
				F5EB7D3A19452D6100ACEB45 /* CAGChooseParticipantTableViewCell.xib in Resources */,
				F531602F1A885BC60099E6B5 /* Prepare@2x.png in Resources */,
				F504148B18B8767D00787B21 /* Main_iPhone.storyboard in Resources */,
				F5D2578D18E2890500AF21F7 /* CAGTypeTableViewCell.xib in Resources */,
				F53160411A8861260099E6B5 /* launchimage.png in Resources */,
				F5AB95FD194AAF6700713E28 /* TrashCan.png in Resources */,
				F504148218B8767D00787B21 /* InfoPlist.strings in Resources */,
				9EC94BAC1A3FF94D00686BAA /* dsym_upload.sh in Resources */,
				F530AB6818C0A83F00B4CFE7 /* CAGRecordBehaviorView.xib in Resources */,
				F5D2576818E243AD00AF21F7 /* colorPicker.bundle in Resources */,
			);
			runOnlyForDeploymentPostprocessing = 0;
		};
		F504149918B8767D00787B21 /* Resources */ = {
			isa = PBXResourcesBuildPhase;
			buildActionMask = 2147483647;
			files = (
				F50414A718B8767E00787B21 /* InfoPlist.strings in Resources */,
			);
			runOnlyForDeploymentPostprocessing = 0;
		};
/* End PBXResourcesBuildPhase section */

/* Begin PBXShellScriptBuildPhase section */
		9EC94BB01A3FFB4B00686BAA /* ShellScript */ = {
			isa = PBXShellScriptBuildPhase;
			buildActionMask = 2147483647;
			files = (
			);
			inputPaths = (
			);
			outputPaths = (
			);
			runOnlyForDeploymentPostprocessing = 0;
			shellPath = /bin/sh;
			shellScript = "APP_ID=\"548fc26f51de5e9f042ec3f5\"\nAPI_KEY=\"R9idIlLH6OvUUCoI27gDfQpdkC53kkdz\"\nsource \"${SRCROOT}\"/CrittercismSDK/dsym_upload.sh";
		};
/* End PBXShellScriptBuildPhase section */

/* Begin PBXSourcesBuildPhase section */
		F504147018B8767D00787B21 /* Sources */ = {
			isa = PBXSourcesBuildPhase;
			buildActionMask = 2147483647;
			files = (
				F5DAA35518BC813D0097CB97 /* CAGNewBehaviorView.m in Sources */,
				F5D2578118E281E100AF21F7 /* UIColor+RGBValues.m in Sources */,
				F5D2575318E10D4D00AF21F7 /* CAGCustomTypes.m in Sources */,
				F5D2576F18E243AD00AF21F7 /* NEOColorPickerHueGridViewController.m in Sources */,
				F504148818B8767D00787B21 /* CAGAppDelegate.m in Sources */,
				F5D2579618E2893500AF21F7 /* CAGActionTableViewCell.m in Sources */,
				F5EB7D3919452D6100ACEB45 /* CAGChooseParticipantTableViewCell.m in Sources */,
				F5D2578718E284B900AF21F7 /* CAGParticipantViewController.m in Sources */,
				F5D2576C18E243AD00AF21F7 /* NEOColorPickerGradientView.m in Sources */,
				F5D2578C18E2890500AF21F7 /* CAGTypeTableViewCell.m in Sources */,
				F504148418B8767D00787B21 /* main.m in Sources */,
				F504149418B8767D00787B21 /* CAGCollectViewController.m in Sources */,
				F5EB7D34194529A400ACEB45 /* CAGChooseParticipantViewController.m in Sources */,
				F504149118B8767D00787B21 /* CAGPrepareViewController.m in Sources */,
				F5D2578018E281E100AF21F7 /* LDProgressView.m in Sources */,
				F5D2577318E243AD00AF21F7 /* UIColor+NEOColor.m in Sources */,
				F5D2576918E243AD00AF21F7 /* NEOColorPickerBaseViewController.m in Sources */,
				F5D2579E18E5409100AF21F7 /* CAGParticipantResponsesView.m in Sources */,
				F5D2576A18E243AD00AF21F7 /* NEOColorPickerFavoritesViewController.m in Sources */,
				F5D2577118E243AD00AF21F7 /* NEOColorPickerViewController.m in Sources */,
				F530AB6618C0A82700B4CFE7 /* CAGRecordBehaviorView.m in Sources */,
				F5D2576D18E243AD00AF21F7 /* NEOColorPickerHSLViewController.m in Sources */,
			);
			runOnlyForDeploymentPostprocessing = 0;
		};
		F504149718B8767D00787B21 /* Sources */ = {
			isa = PBXSourcesBuildPhase;
			buildActionMask = 2147483647;
			files = (
				F50414A918B8767E00787B21 /* PsychologyResearchTests.m in Sources */,
			);
			runOnlyForDeploymentPostprocessing = 0;
		};
/* End PBXSourcesBuildPhase section */

/* Begin PBXTargetDependency section */
		F50414A118B8767E00787B21 /* PBXTargetDependency */ = {
			isa = PBXTargetDependency;
			target = F504147318B8767D00787B21 /* PsychologyResearch */;
			targetProxy = F50414A018B8767E00787B21 /* PBXContainerItemProxy */;
		};
/* End PBXTargetDependency section */

/* Begin PBXVariantGroup section */
		F504148018B8767D00787B21 /* InfoPlist.strings */ = {
			isa = PBXVariantGroup;
			children = (
				F504148118B8767D00787B21 /* en */,
			);
			name = InfoPlist.strings;
			sourceTree = "<group>";
		};
		F504148918B8767D00787B21 /* Main_iPhone.storyboard */ = {
			isa = PBXVariantGroup;
			children = (
				F504148A18B8767D00787B21 /* Base */,
			);
			name = Main_iPhone.storyboard;
			sourceTree = "<group>";
		};
		F504148C18B8767D00787B21 /* Main_iPad.storyboard */ = {
			isa = PBXVariantGroup;
			children = (
				F504148D18B8767D00787B21 /* Base */,
			);
			name = Main_iPad.storyboard;
			sourceTree = "<group>";
		};
		F50414A518B8767E00787B21 /* InfoPlist.strings */ = {
			isa = PBXVariantGroup;
			children = (
				F50414A618B8767E00787B21 /* en */,
			);
			name = InfoPlist.strings;
			sourceTree = "<group>";
		};
/* End PBXVariantGroup section */

/* Begin XCBuildConfiguration section */
		F50414AA18B8767E00787B21 /* Debug */ = {
			isa = XCBuildConfiguration;
			buildSettings = {
				ALWAYS_SEARCH_USER_PATHS = NO;
				CLANG_CXX_LANGUAGE_STANDARD = "gnu++0x";
				CLANG_CXX_LIBRARY = "libc++";
				CLANG_ENABLE_MODULES = YES;
				CLANG_ENABLE_OBJC_ARC = YES;
				CLANG_WARN_BOOL_CONVERSION = YES;
				CLANG_WARN_CONSTANT_CONVERSION = YES;
				CLANG_WARN_DIRECT_OBJC_ISA_USAGE = YES_ERROR;
				CLANG_WARN_EMPTY_BODY = YES;
				CLANG_WARN_ENUM_CONVERSION = YES;
				CLANG_WARN_INT_CONVERSION = YES;
				CLANG_WARN_OBJC_ROOT_CLASS = YES_ERROR;
				CLANG_WARN__DUPLICATE_METHOD_MATCH = YES;
				"CODE_SIGN_IDENTITY[sdk=iphoneos*]" = "iPhone Developer";
				COPY_PHASE_STRIP = NO;
				GCC_C_LANGUAGE_STANDARD = gnu99;
				GCC_DYNAMIC_NO_PIC = NO;
				GCC_OPTIMIZATION_LEVEL = 0;
				GCC_PREPROCESSOR_DEFINITIONS = (
					"DEBUG=1",
					"$(inherited)",
				);
				GCC_SYMBOLS_PRIVATE_EXTERN = NO;
				GCC_WARN_64_TO_32_BIT_CONVERSION = YES;
				GCC_WARN_ABOUT_RETURN_TYPE = YES_ERROR;
				GCC_WARN_UNDECLARED_SELECTOR = YES;
				GCC_WARN_UNINITIALIZED_AUTOS = YES;
				GCC_WARN_UNUSED_FUNCTION = YES;
				GCC_WARN_UNUSED_VARIABLE = YES;
				IPHONEOS_DEPLOYMENT_TARGET = 7.1;
				ONLY_ACTIVE_ARCH = YES;
				PRODUCT_NAME = "Behavior Buddy";
				SDKROOT = iphoneos;
				TARGETED_DEVICE_FAMILY = "1,2";
			};
			name = Debug;
		};
		F50414AB18B8767E00787B21 /* Release */ = {
			isa = XCBuildConfiguration;
			buildSettings = {
				ALWAYS_SEARCH_USER_PATHS = NO;
				CLANG_CXX_LANGUAGE_STANDARD = "gnu++0x";
				CLANG_CXX_LIBRARY = "libc++";
				CLANG_ENABLE_MODULES = YES;
				CLANG_ENABLE_OBJC_ARC = YES;
				CLANG_WARN_BOOL_CONVERSION = YES;
				CLANG_WARN_CONSTANT_CONVERSION = YES;
				CLANG_WARN_DIRECT_OBJC_ISA_USAGE = YES_ERROR;
				CLANG_WARN_EMPTY_BODY = YES;
				CLANG_WARN_ENUM_CONVERSION = YES;
				CLANG_WARN_INT_CONVERSION = YES;
				CLANG_WARN_OBJC_ROOT_CLASS = YES_ERROR;
				CLANG_WARN__DUPLICATE_METHOD_MATCH = YES;
				"CODE_SIGN_IDENTITY[sdk=iphoneos*]" = "iPhone Developer";
				COPY_PHASE_STRIP = YES;
				ENABLE_NS_ASSERTIONS = NO;
				GCC_C_LANGUAGE_STANDARD = gnu99;
				GCC_WARN_64_TO_32_BIT_CONVERSION = YES;
				GCC_WARN_ABOUT_RETURN_TYPE = YES_ERROR;
				GCC_WARN_UNDECLARED_SELECTOR = YES;
				GCC_WARN_UNINITIALIZED_AUTOS = YES;
				GCC_WARN_UNUSED_FUNCTION = YES;
				GCC_WARN_UNUSED_VARIABLE = YES;
				IPHONEOS_DEPLOYMENT_TARGET = 7.1;
				PRODUCT_NAME = "Behavior Buddy";
				SDKROOT = iphoneos;
				TARGETED_DEVICE_FAMILY = "1,2";
				VALIDATE_PRODUCT = YES;
			};
			name = Release;
		};
		F50414AD18B8767E00787B21 /* Debug */ = {
			isa = XCBuildConfiguration;
			buildSettings = {
				ASSETCATALOG_COMPILER_APPICON_NAME = AppIcon;
				ASSETCATALOG_COMPILER_LAUNCHIMAGE_NAME = LaunchImage;
				CODE_SIGN_IDENTITY = "iPhone Developer";
				"CODE_SIGN_IDENTITY[sdk=iphoneos*]" = "iPhone Developer";
				GCC_PRECOMPILE_PREFIX_HEADER = YES;
				GCC_PREFIX_HEADER = "BehaviorBuddy/PsychologyResearch-Prefix.pch";
				INFOPLIST_FILE = "BehaviorBuddy/PsychologyResearch-Info.plist";
				IPHONEOS_DEPLOYMENT_TARGET = 7.0;
				LIBRARY_SEARCH_PATHS = (
					"$(inherited)",
					"$(PROJECT_DIR)/CrittercismSDK",
				);
				PRODUCT_NAME = "Behavior Buddy";
				PROVISIONING_PROFILE = "";
				TARGETED_DEVICE_FAMILY = 2;
				WRAPPER_EXTENSION = app;
			};
			name = Debug;
		};
		F50414AE18B8767E00787B21 /* Release */ = {
			isa = XCBuildConfiguration;
			buildSettings = {
				ASSETCATALOG_COMPILER_APPICON_NAME = AppIcon;
				ASSETCATALOG_COMPILER_LAUNCHIMAGE_NAME = LaunchImage;
				CODE_SIGN_IDENTITY = "iPhone Developer";
				"CODE_SIGN_IDENTITY[sdk=iphoneos*]" = "iPhone Developer";
				GCC_PRECOMPILE_PREFIX_HEADER = YES;
				GCC_PREFIX_HEADER = "BehaviorBuddy/PsychologyResearch-Prefix.pch";
				INFOPLIST_FILE = "BehaviorBuddy/PsychologyResearch-Info.plist";
				IPHONEOS_DEPLOYMENT_TARGET = 7.0;
				LIBRARY_SEARCH_PATHS = (
					"$(inherited)",
					"$(PROJECT_DIR)/CrittercismSDK",
				);
				PRODUCT_NAME = "Behavior Buddy";
				PROVISIONING_PROFILE = "";
				TARGETED_DEVICE_FAMILY = 2;
				WRAPPER_EXTENSION = app;
			};
			name = Release;
		};
		F50414B018B8767E00787B21 /* Debug */ = {
			isa = XCBuildConfiguration;
			buildSettings = {
				BUNDLE_LOADER = "$(BUILT_PRODUCTS_DIR)/PsychologyResearch.app/PsychologyResearch";
				FRAMEWORK_SEARCH_PATHS = (
					"$(SDKROOT)/Developer/Library/Frameworks",
					"$(inherited)",
					"$(DEVELOPER_FRAMEWORKS_DIR)",
				);
				GCC_PRECOMPILE_PREFIX_HEADER = YES;
				GCC_PREFIX_HEADER = "PsychologyResearch/PsychologyResearch-Prefix.pch";
				GCC_PREPROCESSOR_DEFINITIONS = (
					"DEBUG=1",
					"$(inherited)",
				);
				INFOPLIST_FILE = "PsychologyResearchTests/PsychologyResearchTests-Info.plist";
				IPHONEOS_DEPLOYMENT_TARGET = 7.0;
				PRODUCT_NAME = "$(TARGET_NAME)";
				TEST_HOST = "$(BUNDLE_LOADER)";
				WRAPPER_EXTENSION = xctest;
			};
			name = Debug;
		};
		F50414B118B8767E00787B21 /* Release */ = {
			isa = XCBuildConfiguration;
			buildSettings = {
				BUNDLE_LOADER = "$(BUILT_PRODUCTS_DIR)/PsychologyResearch.app/PsychologyResearch";
				FRAMEWORK_SEARCH_PATHS = (
					"$(SDKROOT)/Developer/Library/Frameworks",
					"$(inherited)",
					"$(DEVELOPER_FRAMEWORKS_DIR)",
				);
				GCC_PRECOMPILE_PREFIX_HEADER = YES;
				GCC_PREFIX_HEADER = "PsychologyResearch/PsychologyResearch-Prefix.pch";
				INFOPLIST_FILE = "PsychologyResearchTests/PsychologyResearchTests-Info.plist";
				IPHONEOS_DEPLOYMENT_TARGET = 7.0;
				PRODUCT_NAME = "$(TARGET_NAME)";
				TEST_HOST = "$(BUNDLE_LOADER)";
				WRAPPER_EXTENSION = xctest;
			};
			name = Release;
		};
/* End XCBuildConfiguration section */

/* Begin XCConfigurationList section */
		F504146F18B8767D00787B21 /* Build configuration list for PBXProject "Behavior Buddy" */ = {
			isa = XCConfigurationList;
			buildConfigurations = (
				F50414AA18B8767E00787B21 /* Debug */,
				F50414AB18B8767E00787B21 /* Release */,
			);
			defaultConfigurationIsVisible = 0;
			defaultConfigurationName = Release;
		};
		F50414AC18B8767E00787B21 /* Build configuration list for PBXNativeTarget "PsychologyResearch" */ = {
			isa = XCConfigurationList;
			buildConfigurations = (
				F50414AD18B8767E00787B21 /* Debug */,
				F50414AE18B8767E00787B21 /* Release */,
			);
			defaultConfigurationIsVisible = 0;
			defaultConfigurationName = Release;
		};
		F50414AF18B8767E00787B21 /* Build configuration list for PBXNativeTarget "PsychologyResearchTests" */ = {
			isa = XCConfigurationList;
			buildConfigurations = (
				F50414B018B8767E00787B21 /* Debug */,
				F50414B118B8767E00787B21 /* Release */,
			);
			defaultConfigurationIsVisible = 0;
			defaultConfigurationName = Release;
		};
/* End XCConfigurationList section */
	};
	rootObject = F504146C18B8767D00787B21 /* Project object */;
}
